
Microsoft Visual Studio Solution File, Format Version 12.00
# Visual Studio Version 17
VisualStudioVersion = 17.7.34031.279
MinimumVisualStudioVersion = 10.0.40219.1
Project("{9A19103F-16F7-4668-BE54-9A1E7A4F7556}") = "Unit", "Unit\Unit.csproj", "{B0B08A00-3F53-46DF-81F8-DC6FA283BB95}"
EndProject
Project("{9A19103F-16F7-4668-BE54-9A1E7A4F7556}") = "LinearAlgebra", "LinearAlgebra\LinearAlgebra.csproj", "{3C3E1F55-B141-48FE-ABA6-7569B672C1DF}"
EndProject
Project("{FAE04EC0-301F-11D3-BF4B-00C04F79EFBC}") = "LinearConsole", "LinearConsole\LinearConsole.csproj", "{BDE65534-A9F0-45E4-8C35-30DB475E9F11}"
EndProject
Global
	GlobalSection(SolutionConfigurationPlatforms) = preSolution
		Debug|Any CPU = Debug|Any CPU
		Release|Any CPU = Release|Any CPU
	EndGlobalSection
	GlobalSection(ProjectConfigurationPlatforms) = postSolution
		{B0B08A00-3F53-46DF-81F8-DC6FA283BB95}.Debug|Any CPU.ActiveCfg = Debug|Any CPU
		{B0B08A00-3F53-46DF-81F8-DC6FA283BB95}.Debug|Any CPU.Build.0 = Debug|Any CPU
		{B0B08A00-3F53-46DF-81F8-DC6FA283BB95}.Release|Any CPU.ActiveCfg = Release|Any CPU
		{B0B08A00-3F53-46DF-81F8-DC6FA283BB95}.Release|Any CPU.Build.0 = Release|Any CPU
		{3C3E1F55-B141-48FE-ABA6-7569B672C1DF}.Debug|Any CPU.ActiveCfg = Debug|Any CPU
		{3C3E1F55-B141-48FE-ABA6-7569B672C1DF}.Debug|Any CPU.Build.0 = Debug|Any CPU
		{3C3E1F55-B141-48FE-ABA6-7569B672C1DF}.Release|Any CPU.ActiveCfg = Release|Any CPU
		{3C3E1F55-B141-48FE-ABA6-7569B672C1DF}.Release|Any CPU.Build.0 = Release|Any CPU
		{BDE65534-A9F0-45E4-8C35-30DB475E9F11}.Debug|Any CPU.ActiveCfg = Debug|Any CPU
		{BDE65534-A9F0-45E4-8C35-30DB475E9F11}.Debug|Any CPU.Build.0 = Debug|Any CPU
		{BDE65534-A9F0-45E4-8C35-30DB475E9F11}.Release|Any CPU.ActiveCfg = Release|Any CPU
		{BDE65534-A9F0-45E4-8C35-30DB475E9F11}.Release|Any CPU.Build.0 = Release|Any CPU
	EndGlobalSection
	GlobalSection(SolutionProperties) = preSolution
		HideSolutionNode = FALSE
	EndGlobalSection
	GlobalSection(ExtensibilityGlobals) = postSolution
		SolutionGuid = {B7A0817F-F9A5-4478-A530-CB7556DEDF2F}
	EndGlobalSection
EndGlobal
